// !$*UTF8*$!
{
	archiveVersion = 1;
	classes = {
	};
	objectVersion = 46;
	objects = {

/* Begin PBXBuildFile section */
		5C07D4441D900E50001DA584 /* SupplierListController.swift in Sources */ = {isa = PBXBuildFile; fileRef = 5C07D4431D900E50001DA584 /* SupplierListController.swift */; };
		5C07D4471D900F25001DA584 /* SupplierListCell.xib in Resources */ = {isa = PBXBuildFile; fileRef = 5C07D4461D900F25001DA584 /* SupplierListCell.xib */; };
		5C07D4491D901048001DA584 /* SupplierListCell.swift in Sources */ = {isa = PBXBuildFile; fileRef = 5C07D4481D901048001DA584 /* SupplierListCell.swift */; };
		5C07D44B1D90214D001DA584 /* AddSupplierCell.xib in Resources */ = {isa = PBXBuildFile; fileRef = 5C07D44A1D90214D001DA584 /* AddSupplierCell.xib */; };
		5C3F5F261D89782A00AFB082 /* Category.swift in Sources */ = {isa = PBXBuildFile; fileRef = 5C3F5F251D89782A00AFB082 /* Category.swift */; };
		5C3F5F281D8979B600AFB082 /* CategoriesPickerController.swift in Sources */ = {isa = PBXBuildFile; fileRef = 5C3F5F271D8979B600AFB082 /* CategoriesPickerController.swift */; };
		5C49A17F1D8A971E0008EC93 /* ProductListController.swift in Sources */ = {isa = PBXBuildFile; fileRef = 5C49A17E1D8A971E0008EC93 /* ProductListController.swift */; };
		5C49A1821D8A989F0008EC93 /* ComponentOfProduction.swift in Sources */ = {isa = PBXBuildFile; fileRef = 5C49A1811D8A989F0008EC93 /* ComponentOfProduction.swift */; };
		5C49A1841D8A98D30008EC93 /* Product.swift in Sources */ = {isa = PBXBuildFile; fileRef = 5C49A1831D8A98D30008EC93 /* Product.swift */; };
		5C49A1861D8AA9160008EC93 /* ProductDetailsController.swift in Sources */ = {isa = PBXBuildFile; fileRef = 5C49A1851D8AA9160008EC93 /* ProductDetailsController.swift */; };
		5C49A1881D8AAA740008EC93 /* AddProductCell.xib in Resources */ = {isa = PBXBuildFile; fileRef = 5C49A1871D8AAA740008EC93 /* AddProductCell.xib */; };
		5C49A18E1D8AC5100008EC93 /* ProductCell.xib in Resources */ = {isa = PBXBuildFile; fileRef = 5C49A18D1D8AC5100008EC93 /* ProductCell.xib */; };
		5C49A1901D8AC5420008EC93 /* ProductCell.swift in Sources */ = {isa = PBXBuildFile; fileRef = 5C49A18F1D8AC5420008EC93 /* ProductCell.swift */; };
		5C49A1941D8AE4160008EC93 /* ProductDetailsMaterialPickerController.swift in Sources */ = {isa = PBXBuildFile; fileRef = 5C49A1931D8AE4160008EC93 /* ProductDetailsMaterialPickerController.swift */; };
		5C4AE6C01D86915F0021199F /* AppDelegate.swift in Sources */ = {isa = PBXBuildFile; fileRef = 5C4AE6BF1D86915F0021199F /* AppDelegate.swift */; };
		5C4AE6C21D86915F0021199F /* MaterialListController.swift in Sources */ = {isa = PBXBuildFile; fileRef = 5C4AE6C11D86915F0021199F /* MaterialListController.swift */; };
		5C4AE6C51D86915F0021199F /* Main.storyboard in Resources */ = {isa = PBXBuildFile; fileRef = 5C4AE6C31D86915F0021199F /* Main.storyboard */; };
		5C4AE6C71D86915F0021199F /* Assets.xcassets in Resources */ = {isa = PBXBuildFile; fileRef = 5C4AE6C61D86915F0021199F /* Assets.xcassets */; };
		5C4AE6CA1D86915F0021199F /* LaunchScreen.storyboard in Resources */ = {isa = PBXBuildFile; fileRef = 5C4AE6C81D86915F0021199F /* LaunchScreen.storyboard */; };
		5C4B8B0D1D8BE03E008778E4 /* MaterialInProductCell.xib in Resources */ = {isa = PBXBuildFile; fileRef = 5C4B8B0C1D8BE03E008778E4 /* MaterialInProductCell.xib */; };
		5C4B8B0F1D8BE13A008778E4 /* MaterialInProductCell.swift in Sources */ = {isa = PBXBuildFile; fileRef = 5C4B8B0E1D8BE13A008778E4 /* MaterialInProductCell.swift */; };
		5C4B8B111D8C17AD008778E4 /* AddSomethingCell.xib in Resources */ = {isa = PBXBuildFile; fileRef = 5C4B8B101D8C17AD008778E4 /* AddSomethingCell.xib */; };
		5C4B8B131D8C394A008778E4 /* MaterialInProductPickerCell.xib in Resources */ = {isa = PBXBuildFile; fileRef = 5C4B8B121D8C394A008778E4 /* MaterialInProductPickerCell.xib */; };
		5C4B8B151D8C3A44008778E4 /* MaterialInProductPickerCell.swift in Sources */ = {isa = PBXBuildFile; fileRef = 5C4B8B141D8C3A44008778E4 /* MaterialInProductPickerCell.swift */; };
		5C6441551D86D80C006CA015 /* MaterialFormController.swift in Sources */ = {isa = PBXBuildFile; fileRef = 5C6441541D86D80C006CA015 /* MaterialFormController.swift */; };
		5C6441571D86E4FC006CA015 /* UnitMaterialCell.xib in Resources */ = {isa = PBXBuildFile; fileRef = 5C6441561D86E4FC006CA015 /* UnitMaterialCell.xib */; };
		5C7BFCF71D869DC00004CFD5 /* PackMaterialCell.xib in Resources */ = {isa = PBXBuildFile; fileRef = 5C7BFCF61D869DC00004CFD5 /* PackMaterialCell.xib */; };
		5C7BFCF91D86A3390004CFD5 /* AddMaterialCell.xib in Resources */ = {isa = PBXBuildFile; fileRef = 5C7BFCF81D86A3390004CFD5 /* AddMaterialCell.xib */; };
		5C7BFCFB1D86A7CC0004CFD5 /* MainMaterialCell.swift in Sources */ = {isa = PBXBuildFile; fileRef = 5C7BFCFA1D86A7CC0004CFD5 /* MainMaterialCell.swift */; };
		5C7BFCFF1D86B3D20004CFD5 /* Material.swift in Sources */ = {isa = PBXBuildFile; fileRef = 5C7BFCFE1D86B3D20004CFD5 /* Material.swift */; };
		5C87C38E1D8FCF2300BD6C4E /* Supplier.swift in Sources */ = {isa = PBXBuildFile; fileRef = 5C87C38D1D8FCF2300BD6C4E /* Supplier.swift */; };
		5C87C3901D8FD45500BD6C4E /* SupplierFormController.swift in Sources */ = {isa = PBXBuildFile; fileRef = 5C87C38F1D8FD45500BD6C4E /* SupplierFormController.swift */; };
		5C87C3921D8FEB6700BD6C4E /* SupplierPickerController.swift in Sources */ = {isa = PBXBuildFile; fileRef = 5C87C3911D8FEB6700BD6C4E /* SupplierPickerController.swift */; };
		5C87C3941D8FF59400BD6C4E /* MainHUBController.swift in Sources */ = {isa = PBXBuildFile; fileRef = 5C87C3931D8FF59400BD6C4E /* MainHUBController.swift */; };
		5CAE04ED1D87ED5900BB9590 /* AppColors.swift in Sources */ = {isa = PBXBuildFile; fileRef = 5CAE04EC1D87ED5900BB9590 /* AppColors.swift */; };
		5CAE04F01D87FC6B00BB9590 /* GlobalFunctions.swift in Sources */ = {isa = PBXBuildFile; fileRef = 5CAE04EF1D87FC6B00BB9590 /* GlobalFunctions.swift */; };
		5CAE04F21D88006000BB9590 /* SubMaterialCell.xib in Resources */ = {isa = PBXBuildFile; fileRef = 5CAE04F11D88006000BB9590 /* SubMaterialCell.xib */; };
		5CF233B01D914690000CFC17 /* AboutController.swift in Sources */ = {isa = PBXBuildFile; fileRef = 5CF233AF1D914690000CFC17 /* AboutController.swift */; };
		5CF233B21D915209000CFC17 /* Model.swift in Sources */ = {isa = PBXBuildFile; fileRef = 5CF233B11D915209000CFC17 /* Model.swift */; };
		B128ABDE175744336124F758 /* Pods_ProductionCost.framework in Frameworks */ = {isa = PBXBuildFile; fileRef = B6AF232FFB136C4A930DF609 /* Pods_ProductionCost.framework */; };
/* End PBXBuildFile section */

/* Begin PBXFileReference section */
		2BA3703215BC8165CC0749F1 /* Pods-ProductionCost.debug.xcconfig */ = {isa = PBXFileReference; includeInIndex = 1; lastKnownFileType = text.xcconfig; name = "Pods-ProductionCost.debug.xcconfig"; path = "Pods/Target Support Files/Pods-ProductionCost/Pods-ProductionCost.debug.xcconfig"; sourceTree = "<group>"; };
		5C07D4431D900E50001DA584 /* SupplierListController.swift */ = {isa = PBXFileReference; fileEncoding = 4; lastKnownFileType = sourcecode.swift; path = SupplierListController.swift; sourceTree = "<group>"; };
		5C07D4461D900F25001DA584 /* SupplierListCell.xib */ = {isa = PBXFileReference; fileEncoding = 4; lastKnownFileType = file.xib; path = SupplierListCell.xib; sourceTree = "<group>"; };
		5C07D4481D901048001DA584 /* SupplierListCell.swift */ = {isa = PBXFileReference; fileEncoding = 4; lastKnownFileType = sourcecode.swift; path = SupplierListCell.swift; sourceTree = "<group>"; };
		5C07D44A1D90214D001DA584 /* AddSupplierCell.xib */ = {isa = PBXFileReference; fileEncoding = 4; lastKnownFileType = file.xib; path = AddSupplierCell.xib; sourceTree = "<group>"; };
		5C3F5F251D89782A00AFB082 /* Category.swift */ = {isa = PBXFileReference; fileEncoding = 4; lastKnownFileType = sourcecode.swift; path = Category.swift; sourceTree = "<group>"; };
		5C3F5F271D8979B600AFB082 /* CategoriesPickerController.swift */ = {isa = PBXFileReference; fileEncoding = 4; lastKnownFileType = sourcecode.swift; path = CategoriesPickerController.swift; sourceTree = "<group>"; };
		5C49A17E1D8A971E0008EC93 /* ProductListController.swift */ = {isa = PBXFileReference; fileEncoding = 4; lastKnownFileType = sourcecode.swift; path = ProductListController.swift; sourceTree = "<group>"; };
		5C49A1811D8A989F0008EC93 /* ComponentOfProduction.swift */ = {isa = PBXFileReference; fileEncoding = 4; lastKnownFileType = sourcecode.swift; path = ComponentOfProduction.swift; sourceTree = "<group>"; };
		5C49A1831D8A98D30008EC93 /* Product.swift */ = {isa = PBXFileReference; fileEncoding = 4; lastKnownFileType = sourcecode.swift; path = Product.swift; sourceTree = "<group>"; };
		5C49A1851D8AA9160008EC93 /* ProductDetailsController.swift */ = {isa = PBXFileReference; fileEncoding = 4; lastKnownFileType = sourcecode.swift; path = ProductDetailsController.swift; sourceTree = "<group>"; };
		5C49A1871D8AAA740008EC93 /* AddProductCell.xib */ = {isa = PBXFileReference; fileEncoding = 4; lastKnownFileType = file.xib; path = AddProductCell.xib; sourceTree = "<group>"; };
		5C49A18D1D8AC5100008EC93 /* ProductCell.xib */ = {isa = PBXFileReference; fileEncoding = 4; lastKnownFileType = file.xib; path = ProductCell.xib; sourceTree = "<group>"; };
		5C49A18F1D8AC5420008EC93 /* ProductCell.swift */ = {isa = PBXFileReference; fileEncoding = 4; lastKnownFileType = sourcecode.swift; path = ProductCell.swift; sourceTree = "<group>"; };
		5C49A1931D8AE4160008EC93 /* ProductDetailsMaterialPickerController.swift */ = {isa = PBXFileReference; fileEncoding = 4; lastKnownFileType = sourcecode.swift; path = ProductDetailsMaterialPickerController.swift; sourceTree = "<group>"; };
		5C4AE6BC1D86915F0021199F /* ProductionCost.app */ = {isa = PBXFileReference; explicitFileType = wrapper.application; includeInIndex = 0; path = ProductionCost.app; sourceTree = BUILT_PRODUCTS_DIR; };
		5C4AE6BF1D86915F0021199F /* AppDelegate.swift */ = {isa = PBXFileReference; lastKnownFileType = sourcecode.swift; path = AppDelegate.swift; sourceTree = "<group>"; };
		5C4AE6C11D86915F0021199F /* MaterialListController.swift */ = {isa = PBXFileReference; lastKnownFileType = sourcecode.swift; path = MaterialListController.swift; sourceTree = "<group>"; };
		5C4AE6C41D86915F0021199F /* Base */ = {isa = PBXFileReference; lastKnownFileType = file.storyboard; name = Base; path = Base.lproj/Main.storyboard; sourceTree = "<group>"; };
		5C4AE6C61D86915F0021199F /* Assets.xcassets */ = {isa = PBXFileReference; lastKnownFileType = folder.assetcatalog; path = Assets.xcassets; sourceTree = "<group>"; };
		5C4AE6C91D86915F0021199F /* Base */ = {isa = PBXFileReference; lastKnownFileType = file.storyboard; name = Base; path = Base.lproj/LaunchScreen.storyboard; sourceTree = "<group>"; };
		5C4AE6CB1D86915F0021199F /* Info.plist */ = {isa = PBXFileReference; lastKnownFileType = text.plist.xml; path = Info.plist; sourceTree = "<group>"; };
		5C4B8B0C1D8BE03E008778E4 /* MaterialInProductCell.xib */ = {isa = PBXFileReference; fileEncoding = 4; lastKnownFileType = file.xib; path = MaterialInProductCell.xib; sourceTree = "<group>"; };
		5C4B8B0E1D8BE13A008778E4 /* MaterialInProductCell.swift */ = {isa = PBXFileReference; fileEncoding = 4; lastKnownFileType = sourcecode.swift; path = MaterialInProductCell.swift; sourceTree = "<group>"; };
		5C4B8B101D8C17AD008778E4 /* AddSomethingCell.xib */ = {isa = PBXFileReference; fileEncoding = 4; lastKnownFileType = file.xib; path = AddSomethingCell.xib; sourceTree = "<group>"; };
		5C4B8B121D8C394A008778E4 /* MaterialInProductPickerCell.xib */ = {isa = PBXFileReference; fileEncoding = 4; lastKnownFileType = file.xib; path = MaterialInProductPickerCell.xib; sourceTree = "<group>"; };
		5C4B8B141D8C3A44008778E4 /* MaterialInProductPickerCell.swift */ = {isa = PBXFileReference; fileEncoding = 4; lastKnownFileType = sourcecode.swift; path = MaterialInProductPickerCell.swift; sourceTree = "<group>"; };
		5C6441541D86D80C006CA015 /* MaterialFormController.swift */ = {isa = PBXFileReference; fileEncoding = 4; lastKnownFileType = sourcecode.swift; path = MaterialFormController.swift; sourceTree = "<group>"; };
		5C6441561D86E4FC006CA015 /* UnitMaterialCell.xib */ = {isa = PBXFileReference; fileEncoding = 4; lastKnownFileType = file.xib; path = UnitMaterialCell.xib; sourceTree = "<group>"; };
		5C7BFCF61D869DC00004CFD5 /* PackMaterialCell.xib */ = {isa = PBXFileReference; fileEncoding = 4; lastKnownFileType = file.xib; path = PackMaterialCell.xib; sourceTree = "<group>"; };
		5C7BFCF81D86A3390004CFD5 /* AddMaterialCell.xib */ = {isa = PBXFileReference; fileEncoding = 4; lastKnownFileType = file.xib; path = AddMaterialCell.xib; sourceTree = "<group>"; };
		5C7BFCFA1D86A7CC0004CFD5 /* MainMaterialCell.swift */ = {isa = PBXFileReference; fileEncoding = 4; lastKnownFileType = sourcecode.swift; path = MainMaterialCell.swift; sourceTree = "<group>"; };
		5C7BFCFE1D86B3D20004CFD5 /* Material.swift */ = {isa = PBXFileReference; fileEncoding = 4; lastKnownFileType = sourcecode.swift; path = Material.swift; sourceTree = "<group>"; };
		5C87C38D1D8FCF2300BD6C4E /* Supplier.swift */ = {isa = PBXFileReference; fileEncoding = 4; lastKnownFileType = sourcecode.swift; path = Supplier.swift; sourceTree = "<group>"; };
		5C87C38F1D8FD45500BD6C4E /* SupplierFormController.swift */ = {isa = PBXFileReference; fileEncoding = 4; lastKnownFileType = sourcecode.swift; path = SupplierFormController.swift; sourceTree = "<group>"; };
		5C87C3911D8FEB6700BD6C4E /* SupplierPickerController.swift */ = {isa = PBXFileReference; fileEncoding = 4; lastKnownFileType = sourcecode.swift; path = SupplierPickerController.swift; sourceTree = "<group>"; };
		5C87C3931D8FF59400BD6C4E /* MainHUBController.swift */ = {isa = PBXFileReference; fileEncoding = 4; lastKnownFileType = sourcecode.swift; path = MainHUBController.swift; sourceTree = "<group>"; };
		5CAE04EC1D87ED5900BB9590 /* AppColors.swift */ = {isa = PBXFileReference; fileEncoding = 4; lastKnownFileType = sourcecode.swift; path = AppColors.swift; sourceTree = "<group>"; };
		5CAE04EF1D87FC6B00BB9590 /* GlobalFunctions.swift */ = {isa = PBXFileReference; fileEncoding = 4; lastKnownFileType = sourcecode.swift; path = GlobalFunctions.swift; sourceTree = "<group>"; };
		5CAE04F11D88006000BB9590 /* SubMaterialCell.xib */ = {isa = PBXFileReference; fileEncoding = 4; lastKnownFileType = file.xib; path = SubMaterialCell.xib; sourceTree = "<group>"; };
		5CF233AF1D914690000CFC17 /* AboutController.swift */ = {isa = PBXFileReference; fileEncoding = 4; lastKnownFileType = sourcecode.swift; path = AboutController.swift; sourceTree = "<group>"; };
		5CF233B11D915209000CFC17 /* Model.swift */ = {isa = PBXFileReference; fileEncoding = 4; lastKnownFileType = sourcecode.swift; path = Model.swift; sourceTree = "<group>"; };
		B6AF232FFB136C4A930DF609 /* Pods_ProductionCost.framework */ = {isa = PBXFileReference; explicitFileType = wrapper.framework; includeInIndex = 0; path = Pods_ProductionCost.framework; sourceTree = BUILT_PRODUCTS_DIR; };
		BE5272F24A44074C1357A7C4 /* Pods-ProductionCost.release.xcconfig */ = {isa = PBXFileReference; includeInIndex = 1; lastKnownFileType = text.xcconfig; name = "Pods-ProductionCost.release.xcconfig"; path = "Pods/Target Support Files/Pods-ProductionCost/Pods-ProductionCost.release.xcconfig"; sourceTree = "<group>"; };
/* End PBXFileReference section */

/* Begin PBXFrameworksBuildPhase section */
		5C4AE6B91D86915F0021199F /* Frameworks */ = {
			isa = PBXFrameworksBuildPhase;
			buildActionMask = 2147483647;
			files = (
				B128ABDE175744336124F758 /* Pods_ProductionCost.framework in Frameworks */,
			);
			runOnlyForDeploymentPostprocessing = 0;
		};
/* End PBXFrameworksBuildPhase section */

/* Begin PBXGroup section */
		5C07D4451D900F18001DA584 /* Supplier */ = {
			isa = PBXGroup;
			children = (
				5C07D4461D900F25001DA584 /* SupplierListCell.xib */,
				5C07D4481D901048001DA584 /* SupplierListCell.swift */,
				5C07D44A1D90214D001DA584 /* AddSupplierCell.xib */,
			);
			name = Supplier;
			sourceTree = "<group>";
		};
		5C49A1801D8A985B0008EC93 /* Protocols */ = {
			isa = PBXGroup;
			children = (
				5C49A1811D8A989F0008EC93 /* ComponentOfProduction.swift */,
			);
			name = Protocols;
			sourceTree = "<group>";
		};
		5C49A1911D8AD3E80008EC93 /* Material */ = {
			isa = PBXGroup;
			children = (
				5C7BFCF61D869DC00004CFD5 /* PackMaterialCell.xib */,
				5C6441561D86E4FC006CA015 /* UnitMaterialCell.xib */,
				5CAE04F11D88006000BB9590 /* SubMaterialCell.xib */,
				5C7BFCFA1D86A7CC0004CFD5 /* MainMaterialCell.swift */,
				5C7BFCF81D86A3390004CFD5 /* AddMaterialCell.xib */,
			);
			name = Material;
			sourceTree = "<group>";
		};
		5C49A1921D8AD3EF0008EC93 /* Product */ = {
			isa = PBXGroup;
			children = (
				5C49A18D1D8AC5100008EC93 /* ProductCell.xib */,
				5C49A18F1D8AC5420008EC93 /* ProductCell.swift */,
				5C49A1871D8AAA740008EC93 /* AddProductCell.xib */,
			);
			name = Product;
			sourceTree = "<group>";
		};
		5C4AE6B31D86915F0021199F = {
			isa = PBXGroup;
			children = (
				5C4AE6BE1D86915F0021199F /* ProductionCost */,
				5C4AE6BD1D86915F0021199F /* Products */,
				B390A98D5B703AAB7CDD3967 /* Pods */,
				94A0D64F4311AC8DC4CA8D76 /* Frameworks */,
			);
			sourceTree = "<group>";
		};
		5C4AE6BD1D86915F0021199F /* Products */ = {
			isa = PBXGroup;
			children = (
				5C4AE6BC1D86915F0021199F /* ProductionCost.app */,
			);
			name = Products;
			sourceTree = "<group>";
		};
		5C4AE6BE1D86915F0021199F /* ProductionCost */ = {
			isa = PBXGroup;
			children = (
				5C4AE6BF1D86915F0021199F /* AppDelegate.swift */,
				5C4AE6C61D86915F0021199F /* Assets.xcassets */,
				5C4AE6CB1D86915F0021199F /* Info.plist */,
				5C49A1801D8A985B0008EC93 /* Protocols */,
				5CAE04EE1D87FC4F00BB9590 /* Utils */,
				5CAE04D91D87E4B100BB9590 /* Resources */,
				5C4AE6D31D8695610021199F /* Model */,
				5C4AE6D11D8691860021199F /* Controller */,
				5C4AE6D21D8691930021199F /* View */,
			);
			path = ProductionCost;
			sourceTree = "<group>";
		};
		5C4AE6D11D8691860021199F /* Controller */ = {
			isa = PBXGroup;
			children = (
				5C87C3931D8FF59400BD6C4E /* MainHUBController.swift */,
				5C4AE6C11D86915F0021199F /* MaterialListController.swift */,
				5C6441541D86D80C006CA015 /* MaterialFormController.swift */,
				5C3F5F271D8979B600AFB082 /* CategoriesPickerController.swift */,
				5C49A17E1D8A971E0008EC93 /* ProductListController.swift */,
				5C49A1851D8AA9160008EC93 /* ProductDetailsController.swift */,
				5C49A1931D8AE4160008EC93 /* ProductDetailsMaterialPickerController.swift */,
				5C07D4431D900E50001DA584 /* SupplierListController.swift */,
				5C87C38F1D8FD45500BD6C4E /* SupplierFormController.swift */,
				5C87C3911D8FEB6700BD6C4E /* SupplierPickerController.swift */,
				5CF233AF1D914690000CFC17 /* AboutController.swift */,
			);
			name = Controller;
			sourceTree = "<group>";
		};
		5C4AE6D21D8691930021199F /* View */ = {
			isa = PBXGroup;
			children = (
				5C4AE6C31D86915F0021199F /* Main.storyboard */,
				5C4AE6C81D86915F0021199F /* LaunchScreen.storyboard */,
				5C7BFCF51D869D450004CFD5 /* Cell models */,
			);
			name = View;
			sourceTree = "<group>";
		};
		5C4AE6D31D8695610021199F /* Model */ = {
			isa = PBXGroup;
			children = (
				5C7BFCFE1D86B3D20004CFD5 /* Material.swift */,
				5C49A1831D8A98D30008EC93 /* Product.swift */,
				5C87C38D1D8FCF2300BD6C4E /* Supplier.swift */,
				5CF233B11D915209000CFC17 /* Model.swift */,
			);
			name = Model;
			sourceTree = "<group>";
		};
		5C4B8B0B1D8BE016008778E4 /* Material In Product */ = {
			isa = PBXGroup;
			children = (
				5C4B8B0C1D8BE03E008778E4 /* MaterialInProductCell.xib */,
				5C4B8B0E1D8BE13A008778E4 /* MaterialInProductCell.swift */,
				5C4B8B121D8C394A008778E4 /* MaterialInProductPickerCell.xib */,
				5C4B8B141D8C3A44008778E4 /* MaterialInProductPickerCell.swift */,
				5C4B8B101D8C17AD008778E4 /* AddSomethingCell.xib */,
			);
			name = "Material In Product";
			sourceTree = "<group>";
		};
		5C7BFCF51D869D450004CFD5 /* Cell models */ = {
			isa = PBXGroup;
			children = (
				5C07D4451D900F18001DA584 /* Supplier */,
				5C4B8B0B1D8BE016008778E4 /* Material In Product */,
				5C49A1911D8AD3E80008EC93 /* Material */,
				5C49A1921D8AD3EF0008EC93 /* Product */,
			);
			name = "Cell models";
			sourceTree = "<group>";
		};
		5CAE04D91D87E4B100BB9590 /* Resources */ = {
			isa = PBXGroup;
			children = (
				5CAE04EC1D87ED5900BB9590 /* AppColors.swift */,
				5C3F5F251D89782A00AFB082 /* Category.swift */,
			);
			name = Resources;
			sourceTree = "<group>";
		};
		5CAE04EE1D87FC4F00BB9590 /* Utils */ = {
			isa = PBXGroup;
			children = (
				5CAE04EF1D87FC6B00BB9590 /* GlobalFunctions.swift */,
			);
			name = Utils;
			sourceTree = "<group>";
		};
		94A0D64F4311AC8DC4CA8D76 /* Frameworks */ = {
			isa = PBXGroup;
			children = (
				B6AF232FFB136C4A930DF609 /* Pods_ProductionCost.framework */,
			);
			name = Frameworks;
			sourceTree = "<group>";
		};
		B390A98D5B703AAB7CDD3967 /* Pods */ = {
			isa = PBXGroup;
			children = (
				2BA3703215BC8165CC0749F1 /* Pods-ProductionCost.debug.xcconfig */,
				BE5272F24A44074C1357A7C4 /* Pods-ProductionCost.release.xcconfig */,
			);
			name = Pods;
			sourceTree = "<group>";
		};
/* End PBXGroup section */

/* Begin PBXNativeTarget section */
		5C4AE6BB1D86915F0021199F /* ProductionCost */ = {
			isa = PBXNativeTarget;
			buildConfigurationList = 5C4AE6CE1D86915F0021199F /* Build configuration list for PBXNativeTarget "ProductionCost" */;
			buildPhases = (
				A84CD2A2363E0052EA96CC3C /* [CP] Check Pods Manifest.lock */,
				5C4AE6B81D86915F0021199F /* Sources */,
				5C4AE6B91D86915F0021199F /* Frameworks */,
				5C4AE6BA1D86915F0021199F /* Resources */,
				2515CB8CC4A3108CEE53F1CE /* [CP] Embed Pods Frameworks */,
				3471900194C1D9291DBCE508 /* [CP] Copy Pods Resources */,
			);
			buildRules = (
			);
			dependencies = (
			);
			name = ProductionCost;
			productName = ProductionCost;
			productReference = 5C4AE6BC1D86915F0021199F /* ProductionCost.app */;
			productType = "com.apple.product-type.application";
		};
/* End PBXNativeTarget section */

/* Begin PBXProject section */
		5C4AE6B41D86915F0021199F /* Project object */ = {
			isa = PBXProject;
			attributes = {
				LastSwiftUpdateCheck = 0730;
				LastUpgradeCheck = 0730;
				ORGANIZATIONNAME = "BT-Training";
				TargetAttributes = {
					5C4AE6BB1D86915F0021199F = {
						CreatedOnToolsVersion = 7.3.1;
					};
				};
			};
			buildConfigurationList = 5C4AE6B71D86915F0021199F /* Build configuration list for PBXProject "ProductionCost" */;
			compatibilityVersion = "Xcode 3.2";
			developmentRegion = English;
			hasScannedForEncodings = 0;
			knownRegions = (
				en,
				Base,
			);
			mainGroup = 5C4AE6B31D86915F0021199F;
			productRefGroup = 5C4AE6BD1D86915F0021199F /* Products */;
			projectDirPath = "";
			projectRoot = "";
			targets = (
				5C4AE6BB1D86915F0021199F /* ProductionCost */,
			);
		};
/* End PBXProject section */

/* Begin PBXResourcesBuildPhase section */
		5C4AE6BA1D86915F0021199F /* Resources */ = {
			isa = PBXResourcesBuildPhase;
			buildActionMask = 2147483647;
			files = (
				5C49A18E1D8AC5100008EC93 /* ProductCell.xib in Resources */,
				5C4AE6CA1D86915F0021199F /* LaunchScreen.storyboard in Resources */,
				5C07D4471D900F25001DA584 /* SupplierListCell.xib in Resources */,
				5CAE04F21D88006000BB9590 /* SubMaterialCell.xib in Resources */,
				5C7BFCF71D869DC00004CFD5 /* PackMaterialCell.xib in Resources */,
				5C4AE6C71D86915F0021199F /* Assets.xcassets in Resources */,
				5C4AE6C51D86915F0021199F /* Main.storyboard in Resources */,
				5C49A1881D8AAA740008EC93 /* AddProductCell.xib in Resources */,
				5C6441571D86E4FC006CA015 /* UnitMaterialCell.xib in Resources */,
				5C7BFCF91D86A3390004CFD5 /* AddMaterialCell.xib in Resources */,
				5C4B8B131D8C394A008778E4 /* MaterialInProductPickerCell.xib in Resources */,
				5C4B8B0D1D8BE03E008778E4 /* MaterialInProductCell.xib in Resources */,
				5C4B8B111D8C17AD008778E4 /* AddSomethingCell.xib in Resources */,
				5C07D44B1D90214D001DA584 /* AddSupplierCell.xib in Resources */,
			);
			runOnlyForDeploymentPostprocessing = 0;
		};
/* End PBXResourcesBuildPhase section */

/* Begin PBXShellScriptBuildPhase section */
		2515CB8CC4A3108CEE53F1CE /* [CP] Embed Pods Frameworks */ = {
			isa = PBXShellScriptBuildPhase;
			buildActionMask = 2147483647;
			files = (
			);
			inputPaths = (
			);
			name = "[CP] Embed Pods Frameworks";
			outputPaths = (
			);
			runOnlyForDeploymentPostprocessing = 0;
			shellPath = /bin/sh;
			shellScript = "\"${SRCROOT}/Pods/Target Support Files/Pods-ProductionCost/Pods-ProductionCost-frameworks.sh\"\n";
			showEnvVarsInLog = 0;
		};
		3471900194C1D9291DBCE508 /* [CP] Copy Pods Resources */ = {
			isa = PBXShellScriptBuildPhase;
			buildActionMask = 2147483647;
			files = (
			);
			inputPaths = (
			);
			name = "[CP] Copy Pods Resources";
			outputPaths = (
			);
			runOnlyForDeploymentPostprocessing = 0;
			shellPath = /bin/sh;
			shellScript = "\"${SRCROOT}/Pods/Target Support Files/Pods-ProductionCost/Pods-ProductionCost-resources.sh\"\n";
			showEnvVarsInLog = 0;
		};
		A84CD2A2363E0052EA96CC3C /* [CP] Check Pods Manifest.lock */ = {
			isa = PBXShellScriptBuildPhase;
			buildActionMask = 2147483647;
			files = (
			);
			inputPaths = (
			);
			name = "[CP] Check Pods Manifest.lock";
			outputPaths = (
			);
			runOnlyForDeploymentPostprocessing = 0;
			shellPath = /bin/sh;
			shellScript = "diff \"${PODS_ROOT}/../Podfile.lock\" \"${PODS_ROOT}/Manifest.lock\" > /dev/null\nif [[ $? != 0 ]] ; then\n    cat << EOM\nerror: The sandbox is not in sync with the Podfile.lock. Run 'pod install' or update your CocoaPods installation.\nEOM\n    exit 1\nfi\n";
			showEnvVarsInLog = 0;
		};
/* End PBXShellScriptBuildPhase section */

/* Begin PBXSourcesBuildPhase section */
		5C4AE6B81D86915F0021199F /* Sources */ = {
			isa = PBXSourcesBuildPhase;
			buildActionMask = 2147483647;
			files = (
				5C7BFCFF1D86B3D20004CFD5 /* Material.swift in Sources */,
				5C87C38E1D8FCF2300BD6C4E /* Supplier.swift in Sources */,
				5C49A1821D8A989F0008EC93 /* ComponentOfProduction.swift in Sources */,
				5C87C3921D8FEB6700BD6C4E /* SupplierPickerController.swift in Sources */,
				5C07D4491D901048001DA584 /* SupplierListCell.swift in Sources */,
				5C49A17F1D8A971E0008EC93 /* ProductListController.swift in Sources */,
				5CAE04F01D87FC6B00BB9590 /* GlobalFunctions.swift in Sources */,
				5C87C3901D8FD45500BD6C4E /* SupplierFormController.swift in Sources */,
				5C3F5F281D8979B600AFB082 /* CategoriesPickerController.swift in Sources */,
				5C49A1941D8AE4160008EC93 /* ProductDetailsMaterialPickerController.swift in Sources */,
				5CF233B21D915209000CFC17 /* Model.swift in Sources */,
				5C4AE6C21D86915F0021199F /* MaterialListController.swift in Sources */,
				5C6441551D86D80C006CA015 /* MaterialFormController.swift in Sources */,
				5C87C3941D8FF59400BD6C4E /* MainHUBController.swift in Sources */,
				5C3F5F261D89782A00AFB082 /* Category.swift in Sources */,
				5C4B8B151D8C3A44008778E4 /* MaterialInProductPickerCell.swift in Sources */,
				5C49A1861D8AA9160008EC93 /* ProductDetailsController.swift in Sources */,
				5C07D4441D900E50001DA584 /* SupplierListController.swift in Sources */,
				5CAE04ED1D87ED5900BB9590 /* AppColors.swift in Sources */,
				5C4B8B0F1D8BE13A008778E4 /* MaterialInProductCell.swift in Sources */,
				5C7BFCFB1D86A7CC0004CFD5 /* MainMaterialCell.swift in Sources */,
				5C49A1901D8AC5420008EC93 /* ProductCell.swift in Sources */,
				5C4AE6C01D86915F0021199F /* AppDelegate.swift in Sources */,
				5C49A1841D8A98D30008EC93 /* Product.swift in Sources */,
				5CF233B01D914690000CFC17 /* AboutController.swift in Sources */,
			);
			runOnlyForDeploymentPostprocessing = 0;
		};
/* End PBXSourcesBuildPhase section */

/* Begin PBXVariantGroup section */
		5C4AE6C31D86915F0021199F /* Main.storyboard */ = {
			isa = PBXVariantGroup;
			children = (
				5C4AE6C41D86915F0021199F /* Base */,
			);
			name = Main.storyboard;
			sourceTree = "<group>";
		};
		5C4AE6C81D86915F0021199F /* LaunchScreen.storyboard */ = {
			isa = PBXVariantGroup;
			children = (
				5C4AE6C91D86915F0021199F /* Base */,
			);
			name = LaunchScreen.storyboard;
			sourceTree = "<group>";
		};
/* End PBXVariantGroup section */

/* Begin XCBuildConfiguration section */
		5C4AE6CC1D86915F0021199F /* Debug */ = {
			isa = XCBuildConfiguration;
			buildSettings = {
				ALWAYS_SEARCH_USER_PATHS = NO;
				CLANG_ANALYZER_NONNULL = YES;
				CLANG_CXX_LANGUAGE_STANDARD = "gnu++0x";
				CLANG_CXX_LIBRARY = "libc++";
				CLANG_ENABLE_MODULES = YES;
				CLANG_ENABLE_OBJC_ARC = YES;
				CLANG_WARN_BOOL_CONVERSION = YES;
				CLANG_WARN_CONSTANT_CONVERSION = YES;
				CLANG_WARN_DIRECT_OBJC_ISA_USAGE = YES_ERROR;
				CLANG_WARN_EMPTY_BODY = YES;
				CLANG_WARN_ENUM_CONVERSION = YES;
				CLANG_WARN_INT_CONVERSION = YES;
				CLANG_WARN_OBJC_ROOT_CLASS = YES_ERROR;
				CLANG_WARN_UNREACHABLE_CODE = YES;
				CLANG_WARN__DUPLICATE_METHOD_MATCH = YES;
				"CODE_SIGN_IDENTITY[sdk=iphoneos*]" = "iPhone Developer";
				COPY_PHASE_STRIP = NO;
				DEBUG_INFORMATION_FORMAT = dwarf;
				ENABLE_STRICT_OBJC_MSGSEND = YES;
				ENABLE_TESTABILITY = YES;
				GCC_C_LANGUAGE_STANDARD = gnu99;
				GCC_DYNAMIC_NO_PIC = NO;
				GCC_NO_COMMON_BLOCKS = YES;
				GCC_OPTIMIZATION_LEVEL = 0;
				GCC_PREPROCESSOR_DEFINITIONS = (
					"DEBUG=1",
					"$(inherited)",
				);
				GCC_WARN_64_TO_32_BIT_CONVERSION = YES;
				GCC_WARN_ABOUT_RETURN_TYPE = YES_ERROR;
				GCC_WARN_UNDECLARED_SELECTOR = YES;
				GCC_WARN_UNINITIALIZED_AUTOS = YES_AGGRESSIVE;
				GCC_WARN_UNUSED_FUNCTION = YES;
				GCC_WARN_UNUSED_VARIABLE = YES;
				IPHONEOS_DEPLOYMENT_TARGET = 9.3;
				MTL_ENABLE_DEBUG_INFO = YES;
				ONLY_ACTIVE_ARCH = YES;
				SDKROOT = iphoneos;
				SWIFT_OPTIMIZATION_LEVEL = "-Onone";
			};
			name = Debug;
		};
		5C4AE6CD1D86915F0021199F /* Release */ = {
			isa = XCBuildConfiguration;
			buildSettings = {
				ALWAYS_SEARCH_USER_PATHS = NO;
				CLANG_ANALYZER_NONNULL = YES;
				CLANG_CXX_LANGUAGE_STANDARD = "gnu++0x";
				CLANG_CXX_LIBRARY = "libc++";
				CLANG_ENABLE_MODULES = YES;
				CLANG_ENABLE_OBJC_ARC = YES;
				CLANG_WARN_BOOL_CONVERSION = YES;
				CLANG_WARN_CONSTANT_CONVERSION = YES;
				CLANG_WARN_DIRECT_OBJC_ISA_USAGE = YES_ERROR;
				CLANG_WARN_EMPTY_BODY = YES;
				CLANG_WARN_ENUM_CONVERSION = YES;
				CLANG_WARN_INT_CONVERSION = YES;
				CLANG_WARN_OBJC_ROOT_CLASS = YES_ERROR;
				CLANG_WARN_UNREACHABLE_CODE = YES;
				CLANG_WARN__DUPLICATE_METHOD_MATCH = YES;
				"CODE_SIGN_IDENTITY[sdk=iphoneos*]" = "iPhone Developer";
				COPY_PHASE_STRIP = NO;
				DEBUG_INFORMATION_FORMAT = "dwarf-with-dsym";
				ENABLE_NS_ASSERTIONS = NO;
				ENABLE_STRICT_OBJC_MSGSEND = YES;
				GCC_C_LANGUAGE_STANDARD = gnu99;
				GCC_NO_COMMON_BLOCKS = YES;
				GCC_WARN_64_TO_32_BIT_CONVERSION = YES;
				GCC_WARN_ABOUT_RETURN_TYPE = YES_ERROR;
				GCC_WARN_UNDECLARED_SELECTOR = YES;
				GCC_WARN_UNINITIALIZED_AUTOS = YES_AGGRESSIVE;
				GCC_WARN_UNUSED_FUNCTION = YES;
				GCC_WARN_UNUSED_VARIABLE = YES;
				IPHONEOS_DEPLOYMENT_TARGET = 9.3;
				MTL_ENABLE_DEBUG_INFO = NO;
				SDKROOT = iphoneos;
				VALIDATE_PRODUCT = YES;
			};
			name = Release;
		};
		5C4AE6CF1D86915F0021199F /* Debug */ = {
			isa = XCBuildConfiguration;
			baseConfigurationReference = 2BA3703215BC8165CC0749F1 /* Pods-ProductionCost.debug.xcconfig */;
			buildSettings = {
				ASSETCATALOG_COMPILER_APPICON_NAME = AppIcon;
				INFOPLIST_FILE = ProductionCost/Info.plist;
				LD_RUNPATH_SEARCH_PATHS = "$(inherited) @executable_path/Frameworks";
				PRODUCT_BUNDLE_IDENTIFIER = be.businesstraining.ProductionCost;
				PRODUCT_NAME = "$(TARGET_NAME)";
			};
			name = Debug;
		};
		5C4AE6D01D86915F0021199F /* Release */ = {
			isa = XCBuildConfiguration;
			baseConfigurationReference = BE5272F24A44074C1357A7C4 /* Pods-ProductionCost.release.xcconfig */;
			buildSettings = {
				ASSETCATALOG_COMPILER_APPICON_NAME = AppIcon;
				INFOPLIST_FILE = ProductionCost/Info.plist;
				LD_RUNPATH_SEARCH_PATHS = "$(inherited) @executable_path/Frameworks";
				PRODUCT_BUNDLE_IDENTIFIER = be.businesstraining.ProductionCost;
				PRODUCT_NAME = "$(TARGET_NAME)";
			};
			name = Release;
		};
/* End XCBuildConfiguration section */

/* Begin XCConfigurationList section */
		5C4AE6B71D86915F0021199F /* Build configuration list for PBXProject "ProductionCost" */ = {
			isa = XCConfigurationList;
			buildConfigurations = (
				5C4AE6CC1D86915F0021199F /* Debug */,
				5C4AE6CD1D86915F0021199F /* Release */,
			);
			defaultConfigurationIsVisible = 0;
			defaultConfigurationName = Release;
		};
		5C4AE6CE1D86915F0021199F /* Build configuration list for PBXNativeTarget "ProductionCost" */ = {
			isa = XCConfigurationList;
			buildConfigurations = (
				5C4AE6CF1D86915F0021199F /* Debug */,
				5C4AE6D01D86915F0021199F /* Release */,
			);
			defaultConfigurationIsVisible = 0;
			defaultConfigurationName = Release;
		};
/* End XCConfigurationList section */
	};
	rootObject = 5C4AE6B41D86915F0021199F /* Project object */;
}
